// !$*UTF8*$!
{
	archiveVersion = 1;
	classes = {
	};
	objectVersion = 46;
	objects = {

/* Begin PBXBuildFile section */
		064A98BF65B6FEE1EC752870 /* Pods_DouYuBroad.framework in Frameworks */ = {isa = PBXBuildFile; fileRef = AAF0A90C060DA56E46DDB04D /* Pods_DouYuBroad.framework */; };
		121316DA1F3C573A002C9DDB /* CollectionHeaderView.swift in Sources */ = {isa = PBXBuildFile; fileRef = 121316D31F3C5528002C9DDB /* CollectionHeaderView.swift */; };
		121316DB1F3C573A002C9DDB /* CollectionNormalCell.swift in Sources */ = {isa = PBXBuildFile; fileRef = 121316D61F3C5528002C9DDB /* CollectionNormalCell.swift */; };
		121316DC1F3C573A002C9DDB /* CollectionPrettyCell.swift in Sources */ = {isa = PBXBuildFile; fileRef = 121316D81F3C5528002C9DDB /* CollectionPrettyCell.swift */; };
		121316DD1F3C5746002C9DDB /* CollectionHeaderView.xib in Resources */ = {isa = PBXBuildFile; fileRef = 121316D51F3C5528002C9DDB /* CollectionHeaderView.xib */; };
		121316DE1F3C5746002C9DDB /* CollectionNormalCell.xib in Resources */ = {isa = PBXBuildFile; fileRef = 121316D41F3C5528002C9DDB /* CollectionNormalCell.xib */; };
		121316DF1F3C5746002C9DDB /* CollectionPrettyCell.xib in Resources */ = {isa = PBXBuildFile; fileRef = 121316D71F3C5528002C9DDB /* CollectionPrettyCell.xib */; };
		121316E11F3C58E8002C9DDB /* AnchorGroup.swift in Sources */ = {isa = PBXBuildFile; fileRef = 121316E01F3C58E8002C9DDB /* AnchorGroup.swift */; };
		121316E31F3C5E7A002C9DDB /* AnchorModel.swift in Sources */ = {isa = PBXBuildFile; fileRef = 121316E21F3C5E7A002C9DDB /* AnchorModel.swift */; };
		121316E51F3D493E002C9DDB /* BaseCollectionViewCell.swift in Sources */ = {isa = PBXBuildFile; fileRef = 121316E41F3D493E002C9DDB /* BaseCollectionViewCell.swift */; };
		121316E71F3D52C9002C9DDB /* RecommendCycleView.swift in Sources */ = {isa = PBXBuildFile; fileRef = 121316E61F3D52C9002C9DDB /* RecommendCycleView.swift */; };
		121316EB1F3D5D6B002C9DDB /* RecommendCycleView.xib in Resources */ = {isa = PBXBuildFile; fileRef = 121316EA1F3D5D6B002C9DDB /* RecommendCycleView.xib */; };
		1213768F1F3D723000F89ED7 /* CycleModel.swift in Sources */ = {isa = PBXBuildFile; fileRef = 1213768E1F3D723000F89ED7 /* CycleModel.swift */; };
		121376921F3D755100F89ED7 /* CollectionCycleCell.swift in Sources */ = {isa = PBXBuildFile; fileRef = 121376901F3D755100F89ED7 /* CollectionCycleCell.swift */; };
		121376931F3D755100F89ED7 /* CollectionCycleCell.xib in Resources */ = {isa = PBXBuildFile; fileRef = 121376911F3D755100F89ED7 /* CollectionCycleCell.xib */; };
		124AC8161F3D7EF00030BCA2 /* RecommendGameView.swift in Sources */ = {isa = PBXBuildFile; fileRef = 124AC8151F3D7EF00030BCA2 /* RecommendGameView.swift */; };
		124AC8181F3D7EFA0030BCA2 /* RecommendGameView.xib in Resources */ = {isa = PBXBuildFile; fileRef = 124AC8171F3D7EFA0030BCA2 /* RecommendGameView.xib */; };
		124AC81B1F3D848E0030BCA2 /* CollectionGameCell.swift in Sources */ = {isa = PBXBuildFile; fileRef = 124AC8191F3D848E0030BCA2 /* CollectionGameCell.swift */; };
		124AC81C1F3D848E0030BCA2 /* CollectionGameCell.xib in Resources */ = {isa = PBXBuildFile; fileRef = 124AC81A1F3D848E0030BCA2 /* CollectionGameCell.xib */; };
		1258D3ED1F3C2EC900EA344C /* HomeViewController.swift in Sources */ = {isa = PBXBuildFile; fileRef = 1258D3EB1F3C2EC900EA344C /* HomeViewController.swift */; };
		1258D3EE1F3C2EC900EA344C /* RecommendViewController.swift in Sources */ = {isa = PBXBuildFile; fileRef = 1258D3EC1F3C2EC900EA344C /* RecommendViewController.swift */; };
		1258D3F01F3C2EEB00EA344C /* RecommendViewModel.swift in Sources */ = {isa = PBXBuildFile; fileRef = 1258D3EF1F3C2EEB00EA344C /* RecommendViewModel.swift */; };
		1258D3F21F3C337E00EA344C /* NSDate-Extension.swift in Sources */ = {isa = PBXBuildFile; fileRef = 1258D3F11F3C337E00EA344C /* NSDate-Extension.swift */; };
		12664C651F3ABAB700668EA2 /* MainViewController.swift in Sources */ = {isa = PBXBuildFile; fileRef = 12664C641F3ABAB700668EA2 /* MainViewController.swift */; };
		12664C691F3ABCE200668EA2 /* LiveViewController.swift in Sources */ = {isa = PBXBuildFile; fileRef = 12664C681F3ABCE200668EA2 /* LiveViewController.swift */; };
		12664C6B1F3ABCEC00668EA2 /* FollowViewController.swift in Sources */ = {isa = PBXBuildFile; fileRef = 12664C6A1F3ABCEC00668EA2 /* FollowViewController.swift */; };
		12664C6D1F3ABCF800668EA2 /* ProfileViewController.swift in Sources */ = {isa = PBXBuildFile; fileRef = 12664C6C1F3ABCF800668EA2 /* ProfileViewController.swift */; };
		12664C771F3AF06200668EA2 /* UIBarButtonItem-Extension.swift in Sources */ = {isa = PBXBuildFile; fileRef = 12664C761F3AF06200668EA2 /* UIBarButtonItem-Extension.swift */; };
		12664C791F3AF64800668EA2 /* JMPageTitleView.swift in Sources */ = {isa = PBXBuildFile; fileRef = 12664C781F3AF64800668EA2 /* JMPageTitleView.swift */; };
		12664C7B1F3AF7A800668EA2 /* Constant.swift in Sources */ = {isa = PBXBuildFile; fileRef = 12664C7A1F3AF7A800668EA2 /* Constant.swift */; };
		12664C7D1F3B030700668EA2 /* JMPageContentView.swift in Sources */ = {isa = PBXBuildFile; fileRef = 12664C7C1F3B030700668EA2 /* JMPageContentView.swift */; };
		12664C7F1F3B056F00668EA2 /* UIColor-Extension.swift in Sources */ = {isa = PBXBuildFile; fileRef = 12664C7E1F3B056F00668EA2 /* UIColor-Extension.swift */; };
		128536341F3AA5BB00C7355C /* AppDelegate.swift in Sources */ = {isa = PBXBuildFile; fileRef = 128536331F3AA5BB00C7355C /* AppDelegate.swift */; };
		1285363B1F3AA5BB00C7355C /* Assets.xcassets in Resources */ = {isa = PBXBuildFile; fileRef = 1285363A1F3AA5BB00C7355C /* Assets.xcassets */; };
		1285363E1F3AA5BB00C7355C /* LaunchScreen.storyboard in Resources */ = {isa = PBXBuildFile; fileRef = 1285363C1F3AA5BB00C7355C /* LaunchScreen.storyboard */; };
		128536491F3AA5BB00C7355C /* DouYuBroadTests.swift in Sources */ = {isa = PBXBuildFile; fileRef = 128536481F3AA5BB00C7355C /* DouYuBroadTests.swift */; };
		128536541F3AA5BB00C7355C /* DouYuBroadUITests.swift in Sources */ = {isa = PBXBuildFile; fileRef = 128536531F3AA5BB00C7355C /* DouYuBroadUITests.swift */; };
		12E28D581F3C1DD600D58FBA /* NetworkTools.swift in Sources */ = {isa = PBXBuildFile; fileRef = 12E28D571F3C1DD600D58FBA /* NetworkTools.swift */; };
/* End PBXBuildFile section */

/* Begin PBXContainerItemProxy section */
		128536451F3AA5BB00C7355C /* PBXContainerItemProxy */ = {
			isa = PBXContainerItemProxy;
			containerPortal = 128536281F3AA5BB00C7355C /* Project object */;
			proxyType = 1;
			remoteGlobalIDString = 1285362F1F3AA5BB00C7355C;
			remoteInfo = DouYuBroad;
		};
		128536501F3AA5BB00C7355C /* PBXContainerItemProxy */ = {
			isa = PBXContainerItemProxy;
			containerPortal = 128536281F3AA5BB00C7355C /* Project object */;
			proxyType = 1;
			remoteGlobalIDString = 1285362F1F3AA5BB00C7355C;
			remoteInfo = DouYuBroad;
		};
/* End PBXContainerItemProxy section */

/* Begin PBXFileReference section */
		121316D31F3C5528002C9DDB /* CollectionHeaderView.swift */ = {isa = PBXFileReference; lastKnownFileType = sourcecode.swift; path = CollectionHeaderView.swift; sourceTree = "<group>"; };
		121316D41F3C5528002C9DDB /* CollectionNormalCell.xib */ = {isa = PBXFileReference; lastKnownFileType = file.xib; path = CollectionNormalCell.xib; sourceTree = "<group>"; };
		121316D51F3C5528002C9DDB /* CollectionHeaderView.xib */ = {isa = PBXFileReference; lastKnownFileType = file.xib; path = CollectionHeaderView.xib; sourceTree = "<group>"; };
		121316D61F3C5528002C9DDB /* CollectionNormalCell.swift */ = {isa = PBXFileReference; lastKnownFileType = sourcecode.swift; path = CollectionNormalCell.swift; sourceTree = "<group>"; };
		121316D71F3C5528002C9DDB /* CollectionPrettyCell.xib */ = {isa = PBXFileReference; lastKnownFileType = file.xib; path = CollectionPrettyCell.xib; sourceTree = "<group>"; };
		121316D81F3C5528002C9DDB /* CollectionPrettyCell.swift */ = {isa = PBXFileReference; lastKnownFileType = sourcecode.swift; path = CollectionPrettyCell.swift; sourceTree = "<group>"; };
		121316E01F3C58E8002C9DDB /* AnchorGroup.swift */ = {isa = PBXFileReference; lastKnownFileType = sourcecode.swift; path = AnchorGroup.swift; sourceTree = "<group>"; };
		121316E21F3C5E7A002C9DDB /* AnchorModel.swift */ = {isa = PBXFileReference; lastKnownFileType = sourcecode.swift; path = AnchorModel.swift; sourceTree = "<group>"; };
		121316E41F3D493E002C9DDB /* BaseCollectionViewCell.swift */ = {isa = PBXFileReference; lastKnownFileType = sourcecode.swift; path = BaseCollectionViewCell.swift; sourceTree = "<group>"; };
		121316E61F3D52C9002C9DDB /* RecommendCycleView.swift */ = {isa = PBXFileReference; lastKnownFileType = sourcecode.swift; path = RecommendCycleView.swift; sourceTree = "<group>"; };
		121316EA1F3D5D6B002C9DDB /* RecommendCycleView.xib */ = {isa = PBXFileReference; lastKnownFileType = file.xib; path = RecommendCycleView.xib; sourceTree = "<group>"; };
		1213768E1F3D723000F89ED7 /* CycleModel.swift */ = {isa = PBXFileReference; lastKnownFileType = sourcecode.swift; path = CycleModel.swift; sourceTree = "<group>"; };
		121376901F3D755100F89ED7 /* CollectionCycleCell.swift */ = {isa = PBXFileReference; lastKnownFileType = sourcecode.swift; path = CollectionCycleCell.swift; sourceTree = "<group>"; };
		121376911F3D755100F89ED7 /* CollectionCycleCell.xib */ = {isa = PBXFileReference; lastKnownFileType = file.xib; path = CollectionCycleCell.xib; sourceTree = "<group>"; };
		121418BBE9D6599F1A48D93D /* Pods-DouYuBroad.debug.xcconfig */ = {isa = PBXFileReference; includeInIndex = 1; lastKnownFileType = text.xcconfig; name = "Pods-DouYuBroad.debug.xcconfig"; path = "Pods/Target Support Files/Pods-DouYuBroad/Pods-DouYuBroad.debug.xcconfig"; sourceTree = "<group>"; };
		124AC8151F3D7EF00030BCA2 /* RecommendGameView.swift */ = {isa = PBXFileReference; lastKnownFileType = sourcecode.swift; path = RecommendGameView.swift; sourceTree = "<group>"; };
		124AC8171F3D7EFA0030BCA2 /* RecommendGameView.xib */ = {isa = PBXFileReference; lastKnownFileType = file.xib; path = RecommendGameView.xib; sourceTree = "<group>"; };
		124AC8191F3D848E0030BCA2 /* CollectionGameCell.swift */ = {isa = PBXFileReference; lastKnownFileType = sourcecode.swift; path = CollectionGameCell.swift; sourceTree = "<group>"; };
		124AC81A1F3D848E0030BCA2 /* CollectionGameCell.xib */ = {isa = PBXFileReference; lastKnownFileType = file.xib; path = CollectionGameCell.xib; sourceTree = "<group>"; };
		1258D3EB1F3C2EC900EA344C /* HomeViewController.swift */ = {isa = PBXFileReference; fileEncoding = 4; lastKnownFileType = sourcecode.swift; path = HomeViewController.swift; sourceTree = "<group>"; };
		1258D3EC1F3C2EC900EA344C /* RecommendViewController.swift */ = {isa = PBXFileReference; fileEncoding = 4; lastKnownFileType = sourcecode.swift; path = RecommendViewController.swift; sourceTree = "<group>"; };
		1258D3EF1F3C2EEB00EA344C /* RecommendViewModel.swift */ = {isa = PBXFileReference; fileEncoding = 4; lastKnownFileType = sourcecode.swift; path = RecommendViewModel.swift; sourceTree = "<group>"; };
		1258D3F11F3C337E00EA344C /* NSDate-Extension.swift */ = {isa = PBXFileReference; fileEncoding = 4; lastKnownFileType = sourcecode.swift; path = "NSDate-Extension.swift"; sourceTree = "<group>"; };
		12664C641F3ABAB700668EA2 /* MainViewController.swift */ = {isa = PBXFileReference; lastKnownFileType = sourcecode.swift; path = MainViewController.swift; sourceTree = "<group>"; };
		12664C681F3ABCE200668EA2 /* LiveViewController.swift */ = {isa = PBXFileReference; lastKnownFileType = sourcecode.swift; path = LiveViewController.swift; sourceTree = "<group>"; };
		12664C6A1F3ABCEC00668EA2 /* FollowViewController.swift */ = {isa = PBXFileReference; lastKnownFileType = sourcecode.swift; path = FollowViewController.swift; sourceTree = "<group>"; };
		12664C6C1F3ABCF800668EA2 /* ProfileViewController.swift */ = {isa = PBXFileReference; lastKnownFileType = sourcecode.swift; path = ProfileViewController.swift; sourceTree = "<group>"; };
		12664C761F3AF06200668EA2 /* UIBarButtonItem-Extension.swift */ = {isa = PBXFileReference; lastKnownFileType = sourcecode.swift; path = "UIBarButtonItem-Extension.swift"; sourceTree = "<group>"; };
		12664C781F3AF64800668EA2 /* JMPageTitleView.swift */ = {isa = PBXFileReference; lastKnownFileType = sourcecode.swift; path = JMPageTitleView.swift; sourceTree = "<group>"; };
		12664C7A1F3AF7A800668EA2 /* Constant.swift */ = {isa = PBXFileReference; lastKnownFileType = sourcecode.swift; path = Constant.swift; sourceTree = "<group>"; };
		12664C7C1F3B030700668EA2 /* JMPageContentView.swift */ = {isa = PBXFileReference; lastKnownFileType = sourcecode.swift; path = JMPageContentView.swift; sourceTree = "<group>"; };
		12664C7E1F3B056F00668EA2 /* UIColor-Extension.swift */ = {isa = PBXFileReference; lastKnownFileType = sourcecode.swift; path = "UIColor-Extension.swift"; sourceTree = "<group>"; };
		128536301F3AA5BB00C7355C /* DouYuBroad.app */ = {isa = PBXFileReference; explicitFileType = wrapper.application; includeInIndex = 0; path = DouYuBroad.app; sourceTree = BUILT_PRODUCTS_DIR; };
		128536331F3AA5BB00C7355C /* AppDelegate.swift */ = {isa = PBXFileReference; lastKnownFileType = sourcecode.swift; path = AppDelegate.swift; sourceTree = "<group>"; };
		1285363A1F3AA5BB00C7355C /* Assets.xcassets */ = {isa = PBXFileReference; lastKnownFileType = folder.assetcatalog; path = Assets.xcassets; sourceTree = "<group>"; };
		1285363D1F3AA5BB00C7355C /* Base */ = {isa = PBXFileReference; lastKnownFileType = file.storyboard; name = Base; path = Base.lproj/LaunchScreen.storyboard; sourceTree = "<group>"; };
		1285363F1F3AA5BB00C7355C /* Info.plist */ = {isa = PBXFileReference; lastKnownFileType = text.plist.xml; path = Info.plist; sourceTree = "<group>"; };
		128536441F3AA5BB00C7355C /* DouYuBroadTests.xctest */ = {isa = PBXFileReference; explicitFileType = wrapper.cfbundle; includeInIndex = 0; path = DouYuBroadTests.xctest; sourceTree = BUILT_PRODUCTS_DIR; };
		128536481F3AA5BB00C7355C /* DouYuBroadTests.swift */ = {isa = PBXFileReference; lastKnownFileType = sourcecode.swift; path = DouYuBroadTests.swift; sourceTree = "<group>"; };
		1285364A1F3AA5BB00C7355C /* Info.plist */ = {isa = PBXFileReference; lastKnownFileType = text.plist.xml; path = Info.plist; sourceTree = "<group>"; };
		1285364F1F3AA5BB00C7355C /* DouYuBroadUITests.xctest */ = {isa = PBXFileReference; explicitFileType = wrapper.cfbundle; includeInIndex = 0; path = DouYuBroadUITests.xctest; sourceTree = BUILT_PRODUCTS_DIR; };
		128536531F3AA5BB00C7355C /* DouYuBroadUITests.swift */ = {isa = PBXFileReference; lastKnownFileType = sourcecode.swift; path = DouYuBroadUITests.swift; sourceTree = "<group>"; };
		128536551F3AA5BB00C7355C /* Info.plist */ = {isa = PBXFileReference; lastKnownFileType = text.plist.xml; path = Info.plist; sourceTree = "<group>"; };
		129ED8BC1F3D8E45005FD698 /* Bridging-Header.h */ = {isa = PBXFileReference; lastKnownFileType = sourcecode.c.h; path = "Bridging-Header.h"; sourceTree = "<group>"; };
		12E28D571F3C1DD600D58FBA /* NetworkTools.swift */ = {isa = PBXFileReference; fileEncoding = 4; lastKnownFileType = sourcecode.swift; path = NetworkTools.swift; sourceTree = "<group>"; };
		62876C6C5BF4E7B2F1E655EC /* Pods-DouYuBroad.release.xcconfig */ = {isa = PBXFileReference; includeInIndex = 1; lastKnownFileType = text.xcconfig; name = "Pods-DouYuBroad.release.xcconfig"; path = "Pods/Target Support Files/Pods-DouYuBroad/Pods-DouYuBroad.release.xcconfig"; sourceTree = "<group>"; };
		AAF0A90C060DA56E46DDB04D /* Pods_DouYuBroad.framework */ = {isa = PBXFileReference; explicitFileType = wrapper.framework; includeInIndex = 0; path = Pods_DouYuBroad.framework; sourceTree = BUILT_PRODUCTS_DIR; };
/* End PBXFileReference section */

/* Begin PBXFrameworksBuildPhase section */
		1285362D1F3AA5BB00C7355C /* Frameworks */ = {
			isa = PBXFrameworksBuildPhase;
			buildActionMask = 2147483647;
			files = (
				064A98BF65B6FEE1EC752870 /* Pods_DouYuBroad.framework in Frameworks */,
			);
			runOnlyForDeploymentPostprocessing = 0;
		};
		128536411F3AA5BB00C7355C /* Frameworks */ = {
			isa = PBXFrameworksBuildPhase;
			buildActionMask = 2147483647;
			files = (
			);
			runOnlyForDeploymentPostprocessing = 0;
		};
		1285364C1F3AA5BB00C7355C /* Frameworks */ = {
			isa = PBXFrameworksBuildPhase;
			buildActionMask = 2147483647;
			files = (
			);
			runOnlyForDeploymentPostprocessing = 0;
		};
/* End PBXFrameworksBuildPhase section */

/* Begin PBXGroup section */
		121316D91F3C561B002C9DDB /* Views */ = {
			isa = PBXGroup;
			children = (
				121316D31F3C5528002C9DDB /* CollectionHeaderView.swift */,
				121316D51F3C5528002C9DDB /* CollectionHeaderView.xib */,
				121316D61F3C5528002C9DDB /* CollectionNormalCell.swift */,
				121316D41F3C5528002C9DDB /* CollectionNormalCell.xib */,
				121316D81F3C5528002C9DDB /* CollectionPrettyCell.swift */,
				121316D71F3C5528002C9DDB /* CollectionPrettyCell.xib */,
				121316E61F3D52C9002C9DDB /* RecommendCycleView.swift */,
				121316EA1F3D5D6B002C9DDB /* RecommendCycleView.xib */,
				121376901F3D755100F89ED7 /* CollectionCycleCell.swift */,
				121376911F3D755100F89ED7 /* CollectionCycleCell.xib */,
				124AC8151F3D7EF00030BCA2 /* RecommendGameView.swift */,
				124AC8171F3D7EFA0030BCA2 /* RecommendGameView.xib */,
				124AC8191F3D848E0030BCA2 /* CollectionGameCell.swift */,
				124AC81A1F3D848E0030BCA2 /* CollectionGameCell.xib */,
			);
			path = Views;
			sourceTree = "<group>";
		};
		1258D3EA1F3C2EC900EA344C /* Controller */ = {
			isa = PBXGroup;
			children = (
				1258D3EB1F3C2EC900EA344C /* HomeViewController.swift */,
				1258D3EC1F3C2EC900EA344C /* RecommendViewController.swift */,
			);
			path = Controller;
			sourceTree = "<group>";
		};
		12664C751F3AF03900668EA2 /* Extension */ = {
			isa = PBXGroup;
			children = (
				12664C761F3AF06200668EA2 /* UIBarButtonItem-Extension.swift */,
				12664C7A1F3AF7A800668EA2 /* Constant.swift */,
				12664C7E1F3B056F00668EA2 /* UIColor-Extension.swift */,
				1258D3F11F3C337E00EA344C /* NSDate-Extension.swift */,
			);
			path = Extension;
			sourceTree = "<group>";
		};
		12664C951F3C2D4F00668EA2 /* ViewModel */ = {
			isa = PBXGroup;
			children = (
				1258D3EF1F3C2EEB00EA344C /* RecommendViewModel.swift */,
			);
			path = ViewModel;
			sourceTree = "<group>";
		};
		12664C961F3C2D4F00668EA2 /* Model */ = {
			isa = PBXGroup;
			children = (
				121316E01F3C58E8002C9DDB /* AnchorGroup.swift */,
				121316E21F3C5E7A002C9DDB /* AnchorModel.swift */,
				1213768E1F3D723000F89ED7 /* CycleModel.swift */,
			);
			path = Model;
			sourceTree = "<group>";
		};
		128536271F3AA5BB00C7355C = {
			isa = PBXGroup;
			children = (
				128536321F3AA5BB00C7355C /* DouYuBroad */,
				128536471F3AA5BB00C7355C /* DouYuBroadTests */,
				128536521F3AA5BB00C7355C /* DouYuBroadUITests */,
				128536311F3AA5BB00C7355C /* Products */,
				C9B98A8764A97E55C127CE13 /* Pods */,
				FCB8E468605AE5266FA544AD /* Frameworks */,
			);
			sourceTree = "<group>";
		};
		128536311F3AA5BB00C7355C /* Products */ = {
			isa = PBXGroup;
			children = (
				128536301F3AA5BB00C7355C /* DouYuBroad.app */,
				128536441F3AA5BB00C7355C /* DouYuBroadTests.xctest */,
				1285364F1F3AA5BB00C7355C /* DouYuBroadUITests.xctest */,
			);
			name = Products;
			sourceTree = "<group>";
		};
		128536321F3AA5BB00C7355C /* DouYuBroad */ = {
			isa = PBXGroup;
			children = (
				128536331F3AA5BB00C7355C /* AppDelegate.swift */,
				12BDC6711F3AAD3600C5438E /* Main */,
				12BDC6701F3AAD3600C5438E /* Home */,
				12BDC66D1F3AAD3600C5438E /* Live */,
				12BDC66F1F3AAD3600C5438E /* Follow */,
				12BDC6721F3AAD3600C5438E /* Profile */,
				12BDC66E1F3AAD3600C5438E /* Tools */,
				1285363A1F3AA5BB00C7355C /* Assets.xcassets */,
				1285363C1F3AA5BB00C7355C /* LaunchScreen.storyboard */,
				1285363F1F3AA5BB00C7355C /* Info.plist */,
				129ED8BC1F3D8E45005FD698 /* Bridging-Header.h */,
			);
			path = DouYuBroad;
			sourceTree = "<group>";
		};
		128536471F3AA5BB00C7355C /* DouYuBroadTests */ = {
			isa = PBXGroup;
			children = (
				128536481F3AA5BB00C7355C /* DouYuBroadTests.swift */,
				1285364A1F3AA5BB00C7355C /* Info.plist */,
			);
			path = DouYuBroadTests;
			sourceTree = "<group>";
		};
		128536521F3AA5BB00C7355C /* DouYuBroadUITests */ = {
			isa = PBXGroup;
			children = (
				128536531F3AA5BB00C7355C /* DouYuBroadUITests.swift */,
				128536551F3AA5BB00C7355C /* Info.plist */,
			);
			path = DouYuBroadUITests;
			sourceTree = "<group>";
		};
		12BDC66D1F3AAD3600C5438E /* Live */ = {
			isa = PBXGroup;
			children = (
				12664C681F3ABCE200668EA2 /* LiveViewController.swift */,
			);
			path = Live;
			sourceTree = "<group>";
		};
		12BDC66E1F3AAD3600C5438E /* Tools */ = {
			isa = PBXGroup;
			children = (
				12664C751F3AF03900668EA2 /* Extension */,
			);
			path = Tools;
			sourceTree = "<group>";
		};
		12BDC66F1F3AAD3600C5438E /* Follow */ = {
			isa = PBXGroup;
			children = (
				12664C6A1F3ABCEC00668EA2 /* FollowViewController.swift */,
			);
			path = Follow;
			sourceTree = "<group>";
		};
		12BDC6701F3AAD3600C5438E /* Home */ = {
			isa = PBXGroup;
			children = (
				121316D91F3C561B002C9DDB /* Views */,
				1258D3EA1F3C2EC900EA344C /* Controller */,
				12664C961F3C2D4F00668EA2 /* Model */,
				12664C951F3C2D4F00668EA2 /* ViewModel */,
			);
			path = Home;
			sourceTree = "<group>";
		};
		12BDC6711F3AAD3600C5438E /* Main */ = {
			isa = PBXGroup;
			children = (
				12664C641F3ABAB700668EA2 /* MainViewController.swift */,
				12664C781F3AF64800668EA2 /* JMPageTitleView.swift */,
				12664C7C1F3B030700668EA2 /* JMPageContentView.swift */,
				12E28D571F3C1DD600D58FBA /* NetworkTools.swift */,
				121316E41F3D493E002C9DDB /* BaseCollectionViewCell.swift */,
			);
			path = Main;
			sourceTree = "<group>";
		};
		12BDC6721F3AAD3600C5438E /* Profile */ = {
			isa = PBXGroup;
			children = (
				12664C6C1F3ABCF800668EA2 /* ProfileViewController.swift */,
			);
			path = Profile;
			sourceTree = "<group>";
		};
		C9B98A8764A97E55C127CE13 /* Pods */ = {
			isa = PBXGroup;
			children = (
				121418BBE9D6599F1A48D93D /* Pods-DouYuBroad.debug.xcconfig */,
				62876C6C5BF4E7B2F1E655EC /* Pods-DouYuBroad.release.xcconfig */,
			);
			name = Pods;
			sourceTree = "<group>";
		};
		FCB8E468605AE5266FA544AD /* Frameworks */ = {
			isa = PBXGroup;
			children = (
				AAF0A90C060DA56E46DDB04D /* Pods_DouYuBroad.framework */,
			);
			name = Frameworks;
			sourceTree = "<group>";
		};
/* End PBXGroup section */

/* Begin PBXNativeTarget section */
		1285362F1F3AA5BB00C7355C /* DouYuBroad */ = {
			isa = PBXNativeTarget;
			buildConfigurationList = 128536581F3AA5BB00C7355C /* Build configuration list for PBXNativeTarget "DouYuBroad" */;
			buildPhases = (
				9E9C6E4B3FEF0306E7B9F450 /* [CP] Check Pods Manifest.lock */,
				1285362C1F3AA5BB00C7355C /* Sources */,
				1285362D1F3AA5BB00C7355C /* Frameworks */,
				1285362E1F3AA5BB00C7355C /* Resources */,
				538DA11850898BC9397C2E75 /* [CP] Embed Pods Frameworks */,
				CF896F15611DD1F1BDD4F4AB /* [CP] Copy Pods Resources */,
			);
			buildRules = (
			);
			dependencies = (
			);
			name = DouYuBroad;
			productName = DouYuBroad;
			productReference = 128536301F3AA5BB00C7355C /* DouYuBroad.app */;
			productType = "com.apple.product-type.application";
		};
		128536431F3AA5BB00C7355C /* DouYuBroadTests */ = {
			isa = PBXNativeTarget;
			buildConfigurationList = 1285365B1F3AA5BB00C7355C /* Build configuration list for PBXNativeTarget "DouYuBroadTests" */;
			buildPhases = (
				128536401F3AA5BB00C7355C /* Sources */,
				128536411F3AA5BB00C7355C /* Frameworks */,
				128536421F3AA5BB00C7355C /* Resources */,
			);
			buildRules = (
			);
			dependencies = (
				128536461F3AA5BB00C7355C /* PBXTargetDependency */,
			);
			name = DouYuBroadTests;
			productName = DouYuBroadTests;
			productReference = 128536441F3AA5BB00C7355C /* DouYuBroadTests.xctest */;
			productType = "com.apple.product-type.bundle.unit-test";
		};
		1285364E1F3AA5BB00C7355C /* DouYuBroadUITests */ = {
			isa = PBXNativeTarget;
			buildConfigurationList = 1285365E1F3AA5BB00C7355C /* Build configuration list for PBXNativeTarget "DouYuBroadUITests" */;
			buildPhases = (
				1285364B1F3AA5BB00C7355C /* Sources */,
				1285364C1F3AA5BB00C7355C /* Frameworks */,
				1285364D1F3AA5BB00C7355C /* Resources */,
			);
			buildRules = (
			);
			dependencies = (
				128536511F3AA5BB00C7355C /* PBXTargetDependency */,
			);
			name = DouYuBroadUITests;
			productName = DouYuBroadUITests;
			productReference = 1285364F1F3AA5BB00C7355C /* DouYuBroadUITests.xctest */;
			productType = "com.apple.product-type.bundle.ui-testing";
		};
/* End PBXNativeTarget section */

/* Begin PBXProject section */
		128536281F3AA5BB00C7355C /* Project object */ = {
			isa = PBXProject;
			attributes = {
				LastSwiftUpdateCheck = 0830;
				LastUpgradeCheck = 0830;
				ORGANIZATIONNAME = "贾卯";
				TargetAttributes = {
					1285362F1F3AA5BB00C7355C = {
						CreatedOnToolsVersion = 8.3.3;
						DevelopmentTeam = V7NA7CNBAU;
						ProvisioningStyle = Manual;
					};
					128536431F3AA5BB00C7355C = {
						CreatedOnToolsVersion = 8.3.3;
						ProvisioningStyle = Automatic;
						TestTargetID = 1285362F1F3AA5BB00C7355C;
					};
					1285364E1F3AA5BB00C7355C = {
						CreatedOnToolsVersion = 8.3.3;
						ProvisioningStyle = Automatic;
						TestTargetID = 1285362F1F3AA5BB00C7355C;
					};
				};
			};
			buildConfigurationList = 1285362B1F3AA5BB00C7355C /* Build configuration list for PBXProject "DouYuBroad" */;
			compatibilityVersion = "Xcode 3.2";
			developmentRegion = English;
			hasScannedForEncodings = 0;
			knownRegions = (
				en,
				Base,
			);
			mainGroup = 128536271F3AA5BB00C7355C;
			productRefGroup = 128536311F3AA5BB00C7355C /* Products */;
			projectDirPath = "";
			projectRoot = "";
			targets = (
				1285362F1F3AA5BB00C7355C /* DouYuBroad */,
				128536431F3AA5BB00C7355C /* DouYuBroadTests */,
				1285364E1F3AA5BB00C7355C /* DouYuBroadUITests */,
			);
		};
/* End PBXProject section */

/* Begin PBXResourcesBuildPhase section */
		1285362E1F3AA5BB00C7355C /* Resources */ = {
			isa = PBXResourcesBuildPhase;
			buildActionMask = 2147483647;
			files = (
				121316DD1F3C5746002C9DDB /* CollectionHeaderView.xib in Resources */,
				121316DE1F3C5746002C9DDB /* CollectionNormalCell.xib in Resources */,
				121316EB1F3D5D6B002C9DDB /* RecommendCycleView.xib in Resources */,
				121376931F3D755100F89ED7 /* CollectionCycleCell.xib in Resources */,
				121316DF1F3C5746002C9DDB /* CollectionPrettyCell.xib in Resources */,
				124AC8181F3D7EFA0030BCA2 /* RecommendGameView.xib in Resources */,
				1285363E1F3AA5BB00C7355C /* LaunchScreen.storyboard in Resources */,
				1285363B1F3AA5BB00C7355C /* Assets.xcassets in Resources */,
				124AC81C1F3D848E0030BCA2 /* CollectionGameCell.xib in Resources */,
			);
			runOnlyForDeploymentPostprocessing = 0;
		};
		128536421F3AA5BB00C7355C /* Resources */ = {
			isa = PBXResourcesBuildPhase;
			buildActionMask = 2147483647;
			files = (
			);
			runOnlyForDeploymentPostprocessing = 0;
		};
		1285364D1F3AA5BB00C7355C /* Resources */ = {
			isa = PBXResourcesBuildPhase;
			buildActionMask = 2147483647;
			files = (
			);
			runOnlyForDeploymentPostprocessing = 0;
		};
/* End PBXResourcesBuildPhase section */

/* Begin PBXShellScriptBuildPhase section */
		538DA11850898BC9397C2E75 /* [CP] Embed Pods Frameworks */ = {
			isa = PBXShellScriptBuildPhase;
			buildActionMask = 2147483647;
			files = (
			);
			inputPaths = (
			);
			name = "[CP] Embed Pods Frameworks";
			outputPaths = (
			);
			runOnlyForDeploymentPostprocessing = 0;
			shellPath = /bin/sh;
			shellScript = "\"${SRCROOT}/Pods/Target Support Files/Pods-DouYuBroad/Pods-DouYuBroad-frameworks.sh\"\n";
			showEnvVarsInLog = 0;
		};
		9E9C6E4B3FEF0306E7B9F450 /* [CP] Check Pods Manifest.lock */ = {
			isa = PBXShellScriptBuildPhase;
			buildActionMask = 2147483647;
			files = (
			);
			inputPaths = (
			);
			name = "[CP] Check Pods Manifest.lock";
			outputPaths = (
			);
			runOnlyForDeploymentPostprocessing = 0;
			shellPath = /bin/sh;
			shellScript = "diff \"${PODS_ROOT}/../Podfile.lock\" \"${PODS_ROOT}/Manifest.lock\" > /dev/null\nif [ $? != 0 ] ; then\n    # print error to STDERR\n    echo \"error: The sandbox is not in sync with the Podfile.lock. Run 'pod install' or update your CocoaPods installation.\" >&2\n    exit 1\nfi\n";
			showEnvVarsInLog = 0;
		};
		CF896F15611DD1F1BDD4F4AB /* [CP] Copy Pods Resources */ = {
			isa = PBXShellScriptBuildPhase;
			buildActionMask = 2147483647;
			files = (
			);
			inputPaths = (
			);
			name = "[CP] Copy Pods Resources";
			outputPaths = (
			);
			runOnlyForDeploymentPostprocessing = 0;
			shellPath = /bin/sh;
			shellScript = "\"${SRCROOT}/Pods/Target Support Files/Pods-DouYuBroad/Pods-DouYuBroad-resources.sh\"\n";
			showEnvVarsInLog = 0;
		};
/* End PBXShellScriptBuildPhase section */

/* Begin PBXSourcesBuildPhase section */
		1285362C1F3AA5BB00C7355C /* Sources */ = {
			isa = PBXSourcesBuildPhase;
			buildActionMask = 2147483647;
			files = (
				121316DA1F3C573A002C9DDB /* CollectionHeaderView.swift in Sources */,
				121316DB1F3C573A002C9DDB /* CollectionNormalCell.swift in Sources */,
				121316DC1F3C573A002C9DDB /* CollectionPrettyCell.swift in Sources */,
				124AC81B1F3D848E0030BCA2 /* CollectionGameCell.swift in Sources */,
				12664C6D1F3ABCF800668EA2 /* ProfileViewController.swift in Sources */,
				12664C791F3AF64800668EA2 /* JMPageTitleView.swift in Sources */,
				12664C7B1F3AF7A800668EA2 /* Constant.swift in Sources */,
				128536341F3AA5BB00C7355C /* AppDelegate.swift in Sources */,
				1258D3EE1F3C2EC900EA344C /* RecommendViewController.swift in Sources */,
				121376921F3D755100F89ED7 /* CollectionCycleCell.swift in Sources */,
				121316E51F3D493E002C9DDB /* BaseCollectionViewCell.swift in Sources */,
				12664C651F3ABAB700668EA2 /* MainViewController.swift in Sources */,
				124AC8161F3D7EF00030BCA2 /* RecommendGameView.swift in Sources */,
				12664C6B1F3ABCEC00668EA2 /* FollowViewController.swift in Sources */,
				12E28D581F3C1DD600D58FBA /* NetworkTools.swift in Sources */,
				12664C7D1F3B030700668EA2 /* JMPageContentView.swift in Sources */,
				12664C691F3ABCE200668EA2 /* LiveViewController.swift in Sources */,
				1258D3F21F3C337E00EA344C /* NSDate-Extension.swift in Sources */,
				12664C771F3AF06200668EA2 /* UIBarButtonItem-Extension.swift in Sources */,
				12664C7F1F3B056F00668EA2 /* UIColor-Extension.swift in Sources */,
				121316E31F3C5E7A002C9DDB /* AnchorModel.swift in Sources */,
				1258D3ED1F3C2EC900EA344C /* HomeViewController.swift in Sources */,
				1258D3F01F3C2EEB00EA344C /* RecommendViewModel.swift in Sources */,
				121316E71F3D52C9002C9DDB /* RecommendCycleView.swift in Sources */,
				1213768F1F3D723000F89ED7 /* CycleModel.swift in Sources */,
				121316E11F3C58E8002C9DDB /* AnchorGroup.swift in Sources */,
			);
			runOnlyForDeploymentPostprocessing = 0;
		};
		128536401F3AA5BB00C7355C /* Sources */ = {
			isa = PBXSourcesBuildPhase;
			buildActionMask = 2147483647;
			files = (
				128536491F3AA5BB00C7355C /* DouYuBroadTests.swift in Sources */,
			);
			runOnlyForDeploymentPostprocessing = 0;
		};
		1285364B1F3AA5BB00C7355C /* Sources */ = {
			isa = PBXSourcesBuildPhase;
			buildActionMask = 2147483647;
			files = (
				128536541F3AA5BB00C7355C /* DouYuBroadUITests.swift in Sources */,
			);
			runOnlyForDeploymentPostprocessing = 0;
		};
/* End PBXSourcesBuildPhase section */

/* Begin PBXTargetDependency section */
		128536461F3AA5BB00C7355C /* PBXTargetDependency */ = {
			isa = PBXTargetDependency;
			target = 1285362F1F3AA5BB00C7355C /* DouYuBroad */;
			targetProxy = 128536451F3AA5BB00C7355C /* PBXContainerItemProxy */;
		};
		128536511F3AA5BB00C7355C /* PBXTargetDependency */ = {
			isa = PBXTargetDependency;
			target = 1285362F1F3AA5BB00C7355C /* DouYuBroad */;
			targetProxy = 128536501F3AA5BB00C7355C /* PBXContainerItemProxy */;
		};
/* End PBXTargetDependency section */

/* Begin PBXVariantGroup section */
		1285363C1F3AA5BB00C7355C /* LaunchScreen.storyboard */ = {
			isa = PBXVariantGroup;
			children = (
				1285363D1F3AA5BB00C7355C /* Base */,
			);
			name = LaunchScreen.storyboard;
			sourceTree = "<group>";
		};
/* End PBXVariantGroup section */

/* Begin XCBuildConfiguration section */
		128536561F3AA5BB00C7355C /* Debug */ = {
			isa = XCBuildConfiguration;
			buildSettings = {
				ALWAYS_SEARCH_USER_PATHS = NO;
				CLANG_ANALYZER_NONNULL = YES;
				CLANG_ANALYZER_NUMBER_OBJECT_CONVERSION = YES_AGGRESSIVE;
				CLANG_CXX_LANGUAGE_STANDARD = "gnu++0x";
				CLANG_CXX_LIBRARY = "libc++";
				CLANG_ENABLE_MODULES = YES;
				CLANG_ENABLE_OBJC_ARC = YES;
				CLANG_WARN_BOOL_CONVERSION = YES;
				CLANG_WARN_CONSTANT_CONVERSION = YES;
				CLANG_WARN_DIRECT_OBJC_ISA_USAGE = YES_ERROR;
				CLANG_WARN_DOCUMENTATION_COMMENTS = YES;
				CLANG_WARN_EMPTY_BODY = YES;
				CLANG_WARN_ENUM_CONVERSION = YES;
				CLANG_WARN_INFINITE_RECURSION = YES;
				CLANG_WARN_INT_CONVERSION = YES;
				CLANG_WARN_OBJC_ROOT_CLASS = YES_ERROR;
				CLANG_WARN_SUSPICIOUS_MOVE = YES;
				CLANG_WARN_UNREACHABLE_CODE = YES;
				CLANG_WARN__DUPLICATE_METHOD_MATCH = YES;
				"CODE_SIGN_IDENTITY[sdk=iphoneos*]" = "iPhone Developer";
				COPY_PHASE_STRIP = NO;
				DEBUG_INFORMATION_FORMAT = dwarf;
				ENABLE_STRICT_OBJC_MSGSEND = YES;
				ENABLE_TESTABILITY = YES;
				GCC_C_LANGUAGE_STANDARD = gnu99;
				GCC_DYNAMIC_NO_PIC = NO;
				GCC_NO_COMMON_BLOCKS = YES;
				GCC_OPTIMIZATION_LEVEL = 0;
				GCC_PREPROCESSOR_DEFINITIONS = (
					"DEBUG=1",
					"$(inherited)",
				);
				GCC_WARN_64_TO_32_BIT_CONVERSION = YES;
				GCC_WARN_ABOUT_RETURN_TYPE = YES_ERROR;
				GCC_WARN_UNDECLARED_SELECTOR = YES;
				GCC_WARN_UNINITIALIZED_AUTOS = YES_AGGRESSIVE;
				GCC_WARN_UNUSED_FUNCTION = YES;
				GCC_WARN_UNUSED_VARIABLE = YES;
				IPHONEOS_DEPLOYMENT_TARGET = 10.3;
				MTL_ENABLE_DEBUG_INFO = YES;
				ONLY_ACTIVE_ARCH = YES;
				SDKROOT = iphoneos;
				SWIFT_ACTIVE_COMPILATION_CONDITIONS = DEBUG;
				SWIFT_OPTIMIZATION_LEVEL = "-Onone";
				TARGETED_DEVICE_FAMILY = "1,2";
			};
			name = Debug;
		};
		128536571F3AA5BB00C7355C /* Release */ = {
			isa = XCBuildConfiguration;
			buildSettings = {
				ALWAYS_SEARCH_USER_PATHS = NO;
				CLANG_ANALYZER_NONNULL = YES;
				CLANG_ANALYZER_NUMBER_OBJECT_CONVERSION = YES_AGGRESSIVE;
				CLANG_CXX_LANGUAGE_STANDARD = "gnu++0x";
				CLANG_CXX_LIBRARY = "libc++";
				CLANG_ENABLE_MODULES = YES;
				CLANG_ENABLE_OBJC_ARC = YES;
				CLANG_WARN_BOOL_CONVERSION = YES;
				CLANG_WARN_CONSTANT_CONVERSION = YES;
				CLANG_WARN_DIRECT_OBJC_ISA_USAGE = YES_ERROR;
				CLANG_WARN_DOCUMENTATION_COMMENTS = YES;
				CLANG_WARN_EMPTY_BODY = YES;
				CLANG_WARN_ENUM_CONVERSION = YES;
				CLANG_WARN_INFINITE_RECURSION = YES;
				CLANG_WARN_INT_CONVERSION = YES;
				CLANG_WARN_OBJC_ROOT_CLASS = YES_ERROR;
				CLANG_WARN_SUSPICIOUS_MOVE = YES;
				CLANG_WARN_UNREACHABLE_CODE = YES;
				CLANG_WARN__DUPLICATE_METHOD_MATCH = YES;
				"CODE_SIGN_IDENTITY[sdk=iphoneos*]" = "iPhone Developer";
				COPY_PHASE_STRIP = NO;
				DEBUG_INFORMATION_FORMAT = "dwarf-with-dsym";
				ENABLE_NS_ASSERTIONS = NO;
				ENABLE_STRICT_OBJC_MSGSEND = YES;
				GCC_C_LANGUAGE_STANDARD = gnu99;
				GCC_NO_COMMON_BLOCKS = YES;
				GCC_WARN_64_TO_32_BIT_CONVERSION = YES;
				GCC_WARN_ABOUT_RETURN_TYPE = YES_ERROR;
				GCC_WARN_UNDECLARED_SELECTOR = YES;
				GCC_WARN_UNINITIALIZED_AUTOS = YES_AGGRESSIVE;
				GCC_WARN_UNUSED_FUNCTION = YES;
				GCC_WARN_UNUSED_VARIABLE = YES;
				IPHONEOS_DEPLOYMENT_TARGET = 10.3;
				MTL_ENABLE_DEBUG_INFO = NO;
				SDKROOT = iphoneos;
				SWIFT_OPTIMIZATION_LEVEL = "-Owholemodule";
				TARGETED_DEVICE_FAMILY = "1,2";
				VALIDATE_PRODUCT = YES;
			};
			name = Release;
		};
		128536591F3AA5BB00C7355C /* Debug */ = {
			isa = XCBuildConfiguration;
			baseConfigurationReference = 121418BBE9D6599F1A48D93D /* Pods-DouYuBroad.debug.xcconfig */;
			buildSettings = {
				ASSETCATALOG_COMPILER_APPICON_NAME = AppIcon;
				"CODE_SIGN_IDENTITY[sdk=iphoneos*]" = "iPhone Developer";
				CODE_SIGN_STYLE = Manual;
				DEVELOPMENT_TEAM = V7NA7CNBAU;
				INFOPLIST_FILE = DouYuBroad/Info.plist;
				IPHONEOS_DEPLOYMENT_TARGET = 8.0;
				LD_RUNPATH_SEARCH_PATHS = "$(inherited) @executable_path/Frameworks";
				PRODUCT_BUNDLE_IDENTIFIER = com.Solarbao;
				PRODUCT_NAME = "$(TARGET_NAME)";
				PROVISIONING_PROFILE = "699100c7-6354-4a5a-8587-9f06f1ce7ec7";
				PROVISIONING_PROFILE_SPECIFIER = SolarBaoDEV_JIAMAO;
				SWIFT_OBJC_BRIDGING_HEADER = "/Users/jiamao/Documents/DouYuSwift/DouYuBroad/DouYuBroad/Bridging-Header.h";
				SWIFT_VERSION = 3.0;
			};
			name = Debug;
		};
		1285365A1F3AA5BB00C7355C /* Release */ = {
			isa = XCBuildConfiguration;
			baseConfigurationReference = 62876C6C5BF4E7B2F1E655EC /* Pods-DouYuBroad.release.xcconfig */;
			buildSettings = {
				ASSETCATALOG_COMPILER_APPICON_NAME = AppIcon;
				"CODE_SIGN_IDENTITY[sdk=iphoneos*]" = "iPhone Developer";
				CODE_SIGN_STYLE = Manual;
				DEVELOPMENT_TEAM = V7NA7CNBAU;
				INFOPLIST_FILE = DouYuBroad/Info.plist;
				IPHONEOS_DEPLOYMENT_TARGET = 8.0;
				LD_RUNPATH_SEARCH_PATHS = "$(inherited) @executable_path/Frameworks";
				PRODUCT_BUNDLE_IDENTIFIER = com.Solarbao;
				PRODUCT_NAME = "$(TARGET_NAME)";
				PROVISIONING_PROFILE = "699100c7-6354-4a5a-8587-9f06f1ce7ec7";
				PROVISIONING_PROFILE_SPECIFIER = SolarBaoDEV_JIAMAO;
				SWIFT_OBJC_BRIDGING_HEADER = "/Users/jiamao/Documents/DouYuSwift/DouYuBroad/DouYuBroad/Bridging-Header.h";
				SWIFT_VERSION = 3.0;
			};
			name = Release;
		};
		1285365C1F3AA5BB00C7355C /* Debug */ = {
			isa = XCBuildConfiguration;
			buildSettings = {
				ALWAYS_EMBED_SWIFT_STANDARD_LIBRARIES = YES;
				BUNDLE_LOADER = "$(TEST_HOST)";
				INFOPLIST_FILE = DouYuBroadTests/Info.plist;
				LD_RUNPATH_SEARCH_PATHS = "$(inherited) @executable_path/Frameworks @loader_path/Frameworks";
				PRODUCT_BUNDLE_IDENTIFIER = com.Solarbao.DouYuBroadTests;
				PRODUCT_NAME = "$(TARGET_NAME)";
				SWIFT_VERSION = 3.0;
				TEST_HOST = "$(BUILT_PRODUCTS_DIR)/DouYuBroad.app/DouYuBroad";
			};
			name = Debug;
		};
		1285365D1F3AA5BB00C7355C /* Release */ = {
			isa = XCBuildConfiguration;
			buildSettings = {
				ALWAYS_EMBED_SWIFT_STANDARD_LIBRARIES = YES;
				BUNDLE_LOADER = "$(TEST_HOST)";
				INFOPLIST_FILE = DouYuBroadTests/Info.plist;
				LD_RUNPATH_SEARCH_PATHS = "$(inherited) @executable_path/Frameworks @loader_path/Frameworks";
				PRODUCT_BUNDLE_IDENTIFIER = com.Solarbao.DouYuBroadTests;
				PRODUCT_NAME = "$(TARGET_NAME)";
				SWIFT_VERSION = 3.0;
				TEST_HOST = "$(BUILT_PRODUCTS_DIR)/DouYuBroad.app/DouYuBroad";
			};
			name = Release;
		};
		1285365F1F3AA5BB00C7355C /* Debug */ = {
			isa = XCBuildConfiguration;
			buildSettings = {
				ALWAYS_EMBED_SWIFT_STANDARD_LIBRARIES = YES;
				INFOPLIST_FILE = DouYuBroadUITests/Info.plist;
				LD_RUNPATH_SEARCH_PATHS = "$(inherited) @executable_path/Frameworks @loader_path/Frameworks";
				PRODUCT_BUNDLE_IDENTIFIER = com.Solarbao.DouYuBroadUITests;
				PRODUCT_NAME = "$(TARGET_NAME)";
				SWIFT_VERSION = 3.0;
				TEST_TARGET_NAME = DouYuBroad;
			};
			name = Debug;
		};
		128536601F3AA5BB00C7355C /* Release */ = {
			isa = XCBuildConfiguration;
			buildSettings = {
				ALWAYS_EMBED_SWIFT_STANDARD_LIBRARIES = YES;
				INFOPLIST_FILE = DouYuBroadUITests/Info.plist;
				LD_RUNPATH_SEARCH_PATHS = "$(inherited) @executable_path/Frameworks @loader_path/Frameworks";
				PRODUCT_BUNDLE_IDENTIFIER = com.Solarbao.DouYuBroadUITests;
				PRODUCT_NAME = "$(TARGET_NAME)";
				SWIFT_VERSION = 3.0;
				TEST_TARGET_NAME = DouYuBroad;
			};
			name = Release;
		};
/* End XCBuildConfiguration section */

/* Begin XCConfigurationList section */
		1285362B1F3AA5BB00C7355C /* Build configuration list for PBXProject "DouYuBroad" */ = {
			isa = XCConfigurationList;
			buildConfigurations = (
				128536561F3AA5BB00C7355C /* Debug */,
				128536571F3AA5BB00C7355C /* Release */,
			);
			defaultConfigurationIsVisible = 0;
			defaultConfigurationName = Release;
		};
		128536581F3AA5BB00C7355C /* Build configuration list for PBXNativeTarget "DouYuBroad" */ = {
			isa = XCConfigurationList;
			buildConfigurations = (
				128536591F3AA5BB00C7355C /* Debug */,
				1285365A1F3AA5BB00C7355C /* Release */,
			);
			defaultConfigurationIsVisible = 0;
			defaultConfigurationName = Release;
		};
		1285365B1F3AA5BB00C7355C /* Build configuration list for PBXNativeTarget "DouYuBroadTests" */ = {
			isa = XCConfigurationList;
			buildConfigurations = (
				1285365C1F3AA5BB00C7355C /* Debug */,
				1285365D1F3AA5BB00C7355C /* Release */,
			);
			defaultConfigurationIsVisible = 0;
			defaultConfigurationName = Release;
		};
		1285365E1F3AA5BB00C7355C /* Build configuration list for PBXNativeTarget "DouYuBroadUITests" */ = {
			isa = XCConfigurationList;
			buildConfigurations = (
				1285365F1F3AA5BB00C7355C /* Debug */,
				128536601F3AA5BB00C7355C /* Release */,
			);
			defaultConfigurationIsVisible = 0;
			defaultConfigurationName = Release;
		};
/* End XCConfigurationList section */
	};
	rootObject = 128536281F3AA5BB00C7355C /* Project object */;
}
